// !$*UTF8*$!
{
	archiveVersion = 1;
	classes = {
	};
	objectVersion = 55;
	objects = {

/* Begin PBXBuildFile section */
		246F250585806D7B9E28482C /* Pods_CryptoExchangeAppTests.framework in Frameworks */ = {isa = PBXBuildFile; fileRef = 5886CB6014AB6A12D698D993 /* Pods_CryptoExchangeAppTests.framework */; };
		B826BCDB27DF30E700D653B8 /* DownloadingStates.swift in Sources */ = {isa = PBXBuildFile; fileRef = B826BCDA27DF30E700D653B8 /* DownloadingStates.swift */; };
		B826BCDD27DF30F700D653B8 /* ErrorView.swift in Sources */ = {isa = PBXBuildFile; fileRef = B826BCDC27DF30F600D653B8 /* ErrorView.swift */; };
		B826BCE127DF31C600D653B8 /* UIColor+Extension.swift in Sources */ = {isa = PBXBuildFile; fileRef = B826BCE027DF31C600D653B8 /* UIColor+Extension.swift */; };
		B826BCE427DF39D100D653B8 /* FiltersStates.swift in Sources */ = {isa = PBXBuildFile; fileRef = B826BCE327DF39D100D653B8 /* FiltersStates.swift */; };
		B826BCE927DF8EC700D653B8 /* TitleLabel.swift in Sources */ = {isa = PBXBuildFile; fileRef = B826BCE827DF8EC700D653B8 /* TitleLabel.swift */; };
		B826BCED27DF926F00D653B8 /* CurrencyDetail.swift in Sources */ = {isa = PBXBuildFile; fileRef = B826BCEC27DF926F00D653B8 /* CurrencyDetail.swift */; };
		B826BCF127DF976F00D653B8 /* CurrencyMarketData.swift in Sources */ = {isa = PBXBuildFile; fileRef = B826BCF027DF976F00D653B8 /* CurrencyMarketData.swift */; };
		B826BCF327DF979000D653B8 /* CurrencyCurrentPrice.swift in Sources */ = {isa = PBXBuildFile; fileRef = B826BCF227DF979000D653B8 /* CurrencyCurrentPrice.swift */; };
		B826BCFB27E0B91F00D653B8 /* String+Extension.swift in Sources */ = {isa = PBXBuildFile; fileRef = B826BCFA27E0B91F00D653B8 /* String+Extension.swift */; };
		B826BD0027E101D900D653B8 /* DetailsView.swift in Sources */ = {isa = PBXBuildFile; fileRef = B826BCFF27E101D900D653B8 /* DetailsView.swift */; };
		B826BD0727E1E39B00D653B8 /* CurrencyDetailsViewController.swift in Sources */ = {isa = PBXBuildFile; fileRef = B826BD0627E1E39B00D653B8 /* CurrencyDetailsViewController.swift */; };
		B826BD0A27E1E7B900D653B8 /* CurrencyDetailsViewModel.swift in Sources */ = {isa = PBXBuildFile; fileRef = B826BD0927E1E7B900D653B8 /* CurrencyDetailsViewModel.swift */; };
		B826BD1227E1FCFC00D653B8 /* CoinIconView.swift in Sources */ = {isa = PBXBuildFile; fileRef = B826BD1127E1FCFC00D653B8 /* CoinIconView.swift */; };
		B826BD1427E1FD1100D653B8 /* CoinInfoView.swift in Sources */ = {isa = PBXBuildFile; fileRef = B826BD1327E1FD1100D653B8 /* CoinInfoView.swift */; };
		B826BD1627E1FD2700D653B8 /* CoinNameView.swift in Sources */ = {isa = PBXBuildFile; fileRef = B826BD1527E1FD2700D653B8 /* CoinNameView.swift */; };
		B826BD1827E1FD4800D653B8 /* CurrencyCell.swift in Sources */ = {isa = PBXBuildFile; fileRef = B826BD1727E1FD4800D653B8 /* CurrencyCell.swift */; };
		B826BD1A27E1FD5F00D653B8 /* CurrenciesListViewModel.swift in Sources */ = {isa = PBXBuildFile; fileRef = B826BD1927E1FD5F00D653B8 /* CurrenciesListViewModel.swift */; };
		B826BD1C27E1FD7500D653B8 /* CurrenciesListViewController.swift in Sources */ = {isa = PBXBuildFile; fileRef = B826BD1B27E1FD7500D653B8 /* CurrenciesListViewController.swift */; };
		B826BD1E27E1FE1D00D653B8 /* CurrencyInfoView.swift in Sources */ = {isa = PBXBuildFile; fileRef = B826BD1D27E1FE1D00D653B8 /* CurrencyInfoView.swift */; };
		B8F05D0827D77A0100A6F5D0 /* AppDelegate.swift in Sources */ = {isa = PBXBuildFile; fileRef = B8F05D0727D77A0100A6F5D0 /* AppDelegate.swift */; };
		B8F05D0A27D77A0100A6F5D0 /* SceneDelegate.swift in Sources */ = {isa = PBXBuildFile; fileRef = B8F05D0927D77A0100A6F5D0 /* SceneDelegate.swift */; };
		B8F05D1127D77A0300A6F5D0 /* Assets.xcassets in Resources */ = {isa = PBXBuildFile; fileRef = B8F05D1027D77A0300A6F5D0 /* Assets.xcassets */; };
		B8F05D1427D77A0300A6F5D0 /* LaunchScreen.storyboard in Resources */ = {isa = PBXBuildFile; fileRef = B8F05D1227D77A0300A6F5D0 /* LaunchScreen.storyboard */; };
		B8F05D1F27D77AE300A6F5D0 /* HomeViewController.swift in Sources */ = {isa = PBXBuildFile; fileRef = B8F05D1E27D77AE300A6F5D0 /* HomeViewController.swift */; };
		B8F05D2727D77C6600A6F5D0 /* Coordinator.swift in Sources */ = {isa = PBXBuildFile; fileRef = B8F05D2627D77C6600A6F5D0 /* Coordinator.swift */; };
		B8F05D2927D77D0E00A6F5D0 /* AppCoordinator.swift in Sources */ = {isa = PBXBuildFile; fileRef = B8F05D2827D77D0E00A6F5D0 /* AppCoordinator.swift */; };
		B8F05D2C27D77FDC00A6F5D0 /* Currency.swift in Sources */ = {isa = PBXBuildFile; fileRef = B8F05D2B27D77FDC00A6F5D0 /* Currency.swift */; };
		B8F05D2E27D781EF00A6F5D0 /* Price.swift in Sources */ = {isa = PBXBuildFile; fileRef = B8F05D2D27D781EF00A6F5D0 /* Price.swift */; };
		B8F05D3127D782B700A6F5D0 /* ChartView.swift in Sources */ = {isa = PBXBuildFile; fileRef = B8F05D3027D782B700A6F5D0 /* ChartView.swift */; };
		B8F05D4627D78C9000A6F5D0 /* SearchBarView.swift in Sources */ = {isa = PBXBuildFile; fileRef = B8F05D4527D78C9000A6F5D0 /* SearchBarView.swift */; };
		B8F05D4A27D7B55700A6F5D0 /* UITextField+Extension.swift in Sources */ = {isa = PBXBuildFile; fileRef = B8F05D4927D7B55700A6F5D0 /* UITextField+Extension.swift */; };
		B8F05D5127D7C04D00A6F5D0 /* LoadingView.swift in Sources */ = {isa = PBXBuildFile; fileRef = B8F05D5027D7C04D00A6F5D0 /* LoadingView.swift */; };
		B8F05D5627D8A03C00A6F5D0 /* UIImageView+Extension.swift in Sources */ = {isa = PBXBuildFile; fileRef = B8F05D5527D8A03C00A6F5D0 /* UIImageView+Extension.swift */; };
		B8F05D5E27DA1CF500A6F5D0 /* Formatter+Extension.swift in Sources */ = {isa = PBXBuildFile; fileRef = B8F05D5D27DA1CF500A6F5D0 /* Formatter+Extension.swift */; };
		B8F05D6027DA1D1900A6F5D0 /* Numeric+Extension.swift in Sources */ = {isa = PBXBuildFile; fileRef = B8F05D5F27DA1D1900A6F5D0 /* Numeric+Extension.swift */; };
		B8F05D6427DB588500A6F5D0 /* Endpoint.swift in Sources */ = {isa = PBXBuildFile; fileRef = B8F05D6327DB588500A6F5D0 /* Endpoint.swift */; };
		B8F05D6627DB596100A6F5D0 /* APIRequest.swift in Sources */ = {isa = PBXBuildFile; fileRef = B8F05D6527DB596100A6F5D0 /* APIRequest.swift */; };
		B8F05D6927DB5A0300A6F5D0 /* NetworkingErrors.swift in Sources */ = {isa = PBXBuildFile; fileRef = B8F05D6827DB5A0300A6F5D0 /* NetworkingErrors.swift */; };
		B8F05D6B27DB5A8800A6F5D0 /* NetworkEngine.swift in Sources */ = {isa = PBXBuildFile; fileRef = B8F05D6A27DB5A8800A6F5D0 /* NetworkEngine.swift */; };
		B8F05D6D27DB5B7A00A6F5D0 /* ParseDataEngine.swift in Sources */ = {isa = PBXBuildFile; fileRef = B8F05D6C27DB5B7A00A6F5D0 /* ParseDataEngine.swift */; };
		B8F05D7027DB5C0400A6F5D0 /* CurrencyEndpoint.swift in Sources */ = {isa = PBXBuildFile; fileRef = B8F05D6F27DB5C0400A6F5D0 /* CurrencyEndpoint.swift */; };
		B8F05D7227DB842E00A6F5D0 /* FiltersMenu.swift in Sources */ = {isa = PBXBuildFile; fileRef = B8F05D7127DB842E00A6F5D0 /* FiltersMenu.swift */; };
		B8F05D7527DB93A600A6F5D0 /* ImageCache.swift in Sources */ = {isa = PBXBuildFile; fileRef = B8F05D7427DB93A600A6F5D0 /* ImageCache.swift */; };
		DD349F8B7011E38ED0D59A32 /* Pods_CryptoExchangeApp.framework in Frameworks */ = {isa = PBXBuildFile; fileRef = CC8409F56E909646C7FE3FCE /* Pods_CryptoExchangeApp.framework */; };
/* End PBXBuildFile section */

/* Begin PBXContainerItemProxy section */
		B8F05D3B27D785BD00A6F5D0 /* PBXContainerItemProxy */ = {
			isa = PBXContainerItemProxy;
			containerPortal = B8F05CFC27D77A0100A6F5D0 /* Project object */;
			proxyType = 1;
			remoteGlobalIDString = B8F05D0327D77A0100A6F5D0;
			remoteInfo = CryptoExchangeApp;
		};
/* End PBXContainerItemProxy section */

/* Begin PBXFileReference section */
		3C24E1E26CCCBA9ACEAD152B /* Pods-CryptoExchangeApp.release.xcconfig */ = {isa = PBXFileReference; includeInIndex = 1; lastKnownFileType = text.xcconfig; name = "Pods-CryptoExchangeApp.release.xcconfig"; path = "Target Support Files/Pods-CryptoExchangeApp/Pods-CryptoExchangeApp.release.xcconfig"; sourceTree = "<group>"; };
		5886CB6014AB6A12D698D993 /* Pods_CryptoExchangeAppTests.framework */ = {isa = PBXFileReference; explicitFileType = wrapper.framework; includeInIndex = 0; path = Pods_CryptoExchangeAppTests.framework; sourceTree = BUILT_PRODUCTS_DIR; };
		6308B89884E1C6B66F96E7BB /* Pods-CryptoExchangeAppTests.release.xcconfig */ = {isa = PBXFileReference; includeInIndex = 1; lastKnownFileType = text.xcconfig; name = "Pods-CryptoExchangeAppTests.release.xcconfig"; path = "Target Support Files/Pods-CryptoExchangeAppTests/Pods-CryptoExchangeAppTests.release.xcconfig"; sourceTree = "<group>"; };
		6AF40347185E6F9F15393363 /* Pods-CryptoExchangeApp.debug.xcconfig */ = {isa = PBXFileReference; includeInIndex = 1; lastKnownFileType = text.xcconfig; name = "Pods-CryptoExchangeApp.debug.xcconfig"; path = "Target Support Files/Pods-CryptoExchangeApp/Pods-CryptoExchangeApp.debug.xcconfig"; sourceTree = "<group>"; };
		A443E3F122363D0A2EA0C251 /* Pods-CryptoExchangeAppTests.debug.xcconfig */ = {isa = PBXFileReference; includeInIndex = 1; lastKnownFileType = text.xcconfig; name = "Pods-CryptoExchangeAppTests.debug.xcconfig"; path = "Target Support Files/Pods-CryptoExchangeAppTests/Pods-CryptoExchangeAppTests.debug.xcconfig"; sourceTree = "<group>"; };
		B826BCDA27DF30E700D653B8 /* DownloadingStates.swift */ = {isa = PBXFileReference; fileEncoding = 4; lastKnownFileType = sourcecode.swift; path = DownloadingStates.swift; sourceTree = "<group>"; };
		B826BCDC27DF30F600D653B8 /* ErrorView.swift */ = {isa = PBXFileReference; fileEncoding = 4; lastKnownFileType = sourcecode.swift; path = ErrorView.swift; sourceTree = "<group>"; };
		B826BCE027DF31C600D653B8 /* UIColor+Extension.swift */ = {isa = PBXFileReference; lastKnownFileType = sourcecode.swift; path = "UIColor+Extension.swift"; sourceTree = "<group>"; };
		B826BCE327DF39D100D653B8 /* FiltersStates.swift */ = {isa = PBXFileReference; lastKnownFileType = sourcecode.swift; path = FiltersStates.swift; sourceTree = "<group>"; };
		B826BCE827DF8EC700D653B8 /* TitleLabel.swift */ = {isa = PBXFileReference; lastKnownFileType = sourcecode.swift; path = TitleLabel.swift; sourceTree = "<group>"; };
		B826BCEC27DF926F00D653B8 /* CurrencyDetail.swift */ = {isa = PBXFileReference; lastKnownFileType = sourcecode.swift; path = CurrencyDetail.swift; sourceTree = "<group>"; };
		B826BCF027DF976F00D653B8 /* CurrencyMarketData.swift */ = {isa = PBXFileReference; lastKnownFileType = sourcecode.swift; path = CurrencyMarketData.swift; sourceTree = "<group>"; };
		B826BCF227DF979000D653B8 /* CurrencyCurrentPrice.swift */ = {isa = PBXFileReference; lastKnownFileType = sourcecode.swift; path = CurrencyCurrentPrice.swift; sourceTree = "<group>"; };
		B826BCFA27E0B91F00D653B8 /* String+Extension.swift */ = {isa = PBXFileReference; lastKnownFileType = sourcecode.swift; path = "String+Extension.swift"; sourceTree = "<group>"; };
		B826BCFF27E101D900D653B8 /* DetailsView.swift */ = {isa = PBXFileReference; lastKnownFileType = sourcecode.swift; path = DetailsView.swift; sourceTree = "<group>"; };
		B826BD0627E1E39B00D653B8 /* CurrencyDetailsViewController.swift */ = {isa = PBXFileReference; lastKnownFileType = sourcecode.swift; path = CurrencyDetailsViewController.swift; sourceTree = "<group>"; };
		B826BD0927E1E7B900D653B8 /* CurrencyDetailsViewModel.swift */ = {isa = PBXFileReference; lastKnownFileType = sourcecode.swift; path = CurrencyDetailsViewModel.swift; sourceTree = "<group>"; };
		B826BD1127E1FCFC00D653B8 /* CoinIconView.swift */ = {isa = PBXFileReference; fileEncoding = 4; lastKnownFileType = sourcecode.swift; path = CoinIconView.swift; sourceTree = "<group>"; };
		B826BD1327E1FD1100D653B8 /* CoinInfoView.swift */ = {isa = PBXFileReference; fileEncoding = 4; lastKnownFileType = sourcecode.swift; path = CoinInfoView.swift; sourceTree = "<group>"; };
		B826BD1527E1FD2700D653B8 /* CoinNameView.swift */ = {isa = PBXFileReference; fileEncoding = 4; lastKnownFileType = sourcecode.swift; path = CoinNameView.swift; sourceTree = "<group>"; };
		B826BD1727E1FD4800D653B8 /* CurrencyCell.swift */ = {isa = PBXFileReference; fileEncoding = 4; lastKnownFileType = sourcecode.swift; path = CurrencyCell.swift; sourceTree = "<group>"; };
		B826BD1927E1FD5F00D653B8 /* CurrenciesListViewModel.swift */ = {isa = PBXFileReference; fileEncoding = 4; lastKnownFileType = sourcecode.swift; path = CurrenciesListViewModel.swift; sourceTree = "<group>"; };
		B826BD1B27E1FD7500D653B8 /* CurrenciesListViewController.swift */ = {isa = PBXFileReference; fileEncoding = 4; lastKnownFileType = sourcecode.swift; path = CurrenciesListViewController.swift; sourceTree = "<group>"; };
		B826BD1D27E1FE1D00D653B8 /* CurrencyInfoView.swift */ = {isa = PBXFileReference; lastKnownFileType = sourcecode.swift; path = CurrencyInfoView.swift; sourceTree = "<group>"; };
		B8F05D0427D77A0100A6F5D0 /* CryptoExchangeApp.app */ = {isa = PBXFileReference; explicitFileType = wrapper.application; includeInIndex = 0; path = CryptoExchangeApp.app; sourceTree = BUILT_PRODUCTS_DIR; };
		B8F05D0727D77A0100A6F5D0 /* AppDelegate.swift */ = {isa = PBXFileReference; lastKnownFileType = sourcecode.swift; path = AppDelegate.swift; sourceTree = "<group>"; };
		B8F05D0927D77A0100A6F5D0 /* SceneDelegate.swift */ = {isa = PBXFileReference; lastKnownFileType = sourcecode.swift; path = SceneDelegate.swift; sourceTree = "<group>"; };
		B8F05D1027D77A0300A6F5D0 /* Assets.xcassets */ = {isa = PBXFileReference; lastKnownFileType = folder.assetcatalog; path = Assets.xcassets; sourceTree = "<group>"; };
		B8F05D1327D77A0300A6F5D0 /* Base */ = {isa = PBXFileReference; lastKnownFileType = file.storyboard; name = Base; path = Base.lproj/LaunchScreen.storyboard; sourceTree = "<group>"; };
		B8F05D1527D77A0300A6F5D0 /* Info.plist */ = {isa = PBXFileReference; lastKnownFileType = text.plist.xml; path = Info.plist; sourceTree = "<group>"; };
		B8F05D1E27D77AE300A6F5D0 /* HomeViewController.swift */ = {isa = PBXFileReference; lastKnownFileType = sourcecode.swift; path = HomeViewController.swift; sourceTree = "<group>"; };
		B8F05D2627D77C6600A6F5D0 /* Coordinator.swift */ = {isa = PBXFileReference; lastKnownFileType = sourcecode.swift; path = Coordinator.swift; sourceTree = "<group>"; };
		B8F05D2827D77D0E00A6F5D0 /* AppCoordinator.swift */ = {isa = PBXFileReference; lastKnownFileType = sourcecode.swift; path = AppCoordinator.swift; sourceTree = "<group>"; };
		B8F05D2B27D77FDC00A6F5D0 /* Currency.swift */ = {isa = PBXFileReference; lastKnownFileType = sourcecode.swift; path = Currency.swift; sourceTree = "<group>"; };
		B8F05D2D27D781EF00A6F5D0 /* Price.swift */ = {isa = PBXFileReference; lastKnownFileType = sourcecode.swift; path = Price.swift; sourceTree = "<group>"; };
		B8F05D3027D782B700A6F5D0 /* ChartView.swift */ = {isa = PBXFileReference; lastKnownFileType = sourcecode.swift; path = ChartView.swift; sourceTree = "<group>"; };
		B8F05D3727D785BD00A6F5D0 /* CryptoExchangeAppTests.xctest */ = {isa = PBXFileReference; explicitFileType = wrapper.cfbundle; includeInIndex = 0; path = CryptoExchangeAppTests.xctest; sourceTree = BUILT_PRODUCTS_DIR; };
		B8F05D4527D78C9000A6F5D0 /* SearchBarView.swift */ = {isa = PBXFileReference; lastKnownFileType = sourcecode.swift; path = SearchBarView.swift; sourceTree = "<group>"; };
		B8F05D4927D7B55700A6F5D0 /* UITextField+Extension.swift */ = {isa = PBXFileReference; lastKnownFileType = sourcecode.swift; path = "UITextField+Extension.swift"; sourceTree = "<group>"; };
		B8F05D5027D7C04D00A6F5D0 /* LoadingView.swift */ = {isa = PBXFileReference; lastKnownFileType = sourcecode.swift; path = LoadingView.swift; sourceTree = "<group>"; };
		B8F05D5527D8A03C00A6F5D0 /* UIImageView+Extension.swift */ = {isa = PBXFileReference; lastKnownFileType = sourcecode.swift; path = "UIImageView+Extension.swift"; sourceTree = "<group>"; };
		B8F05D5D27DA1CF500A6F5D0 /* Formatter+Extension.swift */ = {isa = PBXFileReference; lastKnownFileType = sourcecode.swift; path = "Formatter+Extension.swift"; sourceTree = "<group>"; };
		B8F05D5F27DA1D1900A6F5D0 /* Numeric+Extension.swift */ = {isa = PBXFileReference; lastKnownFileType = sourcecode.swift; path = "Numeric+Extension.swift"; sourceTree = "<group>"; };
		B8F05D6327DB588500A6F5D0 /* Endpoint.swift */ = {isa = PBXFileReference; lastKnownFileType = sourcecode.swift; path = Endpoint.swift; sourceTree = "<group>"; };
		B8F05D6527DB596100A6F5D0 /* APIRequest.swift */ = {isa = PBXFileReference; lastKnownFileType = sourcecode.swift; path = APIRequest.swift; sourceTree = "<group>"; };
		B8F05D6827DB5A0300A6F5D0 /* NetworkingErrors.swift */ = {isa = PBXFileReference; lastKnownFileType = sourcecode.swift; path = NetworkingErrors.swift; sourceTree = "<group>"; };
		B8F05D6A27DB5A8800A6F5D0 /* NetworkEngine.swift */ = {isa = PBXFileReference; lastKnownFileType = sourcecode.swift; path = NetworkEngine.swift; sourceTree = "<group>"; };
		B8F05D6C27DB5B7A00A6F5D0 /* ParseDataEngine.swift */ = {isa = PBXFileReference; lastKnownFileType = sourcecode.swift; path = ParseDataEngine.swift; sourceTree = "<group>"; };
		B8F05D6F27DB5C0400A6F5D0 /* CurrencyEndpoint.swift */ = {isa = PBXFileReference; lastKnownFileType = sourcecode.swift; path = CurrencyEndpoint.swift; sourceTree = "<group>"; };
		B8F05D7127DB842E00A6F5D0 /* FiltersMenu.swift */ = {isa = PBXFileReference; lastKnownFileType = sourcecode.swift; path = FiltersMenu.swift; sourceTree = "<group>"; };
		B8F05D7427DB93A600A6F5D0 /* ImageCache.swift */ = {isa = PBXFileReference; lastKnownFileType = sourcecode.swift; path = ImageCache.swift; sourceTree = "<group>"; };
		CC8409F56E909646C7FE3FCE /* Pods_CryptoExchangeApp.framework */ = {isa = PBXFileReference; explicitFileType = wrapper.framework; includeInIndex = 0; path = Pods_CryptoExchangeApp.framework; sourceTree = BUILT_PRODUCTS_DIR; };
/* End PBXFileReference section */

/* Begin PBXFrameworksBuildPhase section */
		B8F05D0127D77A0100A6F5D0 /* Frameworks */ = {
			isa = PBXFrameworksBuildPhase;
			buildActionMask = 2147483647;
			files = (
				DD349F8B7011E38ED0D59A32 /* Pods_CryptoExchangeApp.framework in Frameworks */,
			);
			runOnlyForDeploymentPostprocessing = 0;
		};
		B8F05D3427D785BD00A6F5D0 /* Frameworks */ = {
			isa = PBXFrameworksBuildPhase;
			buildActionMask = 2147483647;
			files = (
				246F250585806D7B9E28482C /* Pods_CryptoExchangeAppTests.framework in Frameworks */,
			);
			runOnlyForDeploymentPostprocessing = 0;
		};
/* End PBXFrameworksBuildPhase section */

/* Begin PBXGroup section */
		22575AD78358A2F05DA0D3CA /* Frameworks */ = {
			isa = PBXGroup;
			children = (
				CC8409F56E909646C7FE3FCE /* Pods_CryptoExchangeApp.framework */,
				5886CB6014AB6A12D698D993 /* Pods_CryptoExchangeAppTests.framework */,
			);
			name = Frameworks;
			sourceTree = "<group>";
		};
		889A6D22F6763C3A7D308063 /* Pods */ = {
			isa = PBXGroup;
			children = (
				6AF40347185E6F9F15393363 /* Pods-CryptoExchangeApp.debug.xcconfig */,
				3C24E1E26CCCBA9ACEAD152B /* Pods-CryptoExchangeApp.release.xcconfig */,
				A443E3F122363D0A2EA0C251 /* Pods-CryptoExchangeAppTests.debug.xcconfig */,
				6308B89884E1C6B66F96E7BB /* Pods-CryptoExchangeAppTests.release.xcconfig */,
			);
			path = Pods;
			sourceTree = "<group>";
		};
		B826BCE227DF398800D653B8 /* States */ = {
			isa = PBXGroup;
			children = (
				B826BCDA27DF30E700D653B8 /* DownloadingStates.swift */,
				B826BCE327DF39D100D653B8 /* FiltersStates.swift */,
			);
			path = States;
			sourceTree = "<group>";
		};
		B826BCFE27E101BE00D653B8 /* View */ = {
			isa = PBXGroup;
			children = (
				B826BCFF27E101D900D653B8 /* DetailsView.swift */,
			);
			path = View;
			sourceTree = "<group>";
		};
		B826BD0827E1E3B100D653B8 /* CurrencyDetails */ = {
			isa = PBXGroup;
			children = (
				B826BCFE27E101BE00D653B8 /* View */,
				B826BD0927E1E7B900D653B8 /* CurrencyDetailsViewModel.swift */,
				B826BD0627E1E39B00D653B8 /* CurrencyDetailsViewController.swift */,
			);
			path = CurrencyDetails;
			sourceTree = "<group>";
		};
		B826BD0F27E1FCB900D653B8 /* CurrencyList */ = {
			isa = PBXGroup;
			children = (
				B826BD1027E1FCC200D653B8 /* Views */,
				B826BD1927E1FD5F00D653B8 /* CurrenciesListViewModel.swift */,
				B826BD1B27E1FD7500D653B8 /* CurrenciesListViewController.swift */,
			);
			path = CurrencyList;
			sourceTree = "<group>";
		};
		B826BD1027E1FCC200D653B8 /* Views */ = {
			isa = PBXGroup;
			children = (
				B826BD1727E1FD4800D653B8 /* CurrencyCell.swift */,
				B826BD1527E1FD2700D653B8 /* CoinNameView.swift */,
				B826BD1327E1FD1100D653B8 /* CoinInfoView.swift */,
				B826BD1127E1FCFC00D653B8 /* CoinIconView.swift */,
			);
			path = Views;
			sourceTree = "<group>";
		};
		B8F05CFB27D77A0100A6F5D0 = {
			isa = PBXGroup;
			children = (
				B8F05D0627D77A0100A6F5D0 /* CryptoExchangeApp */,
				B8F05D0527D77A0100A6F5D0 /* Products */,
				889A6D22F6763C3A7D308063 /* Pods */,
				22575AD78358A2F05DA0D3CA /* Frameworks */,
			);
			sourceTree = "<group>";
		};
		B8F05D0527D77A0100A6F5D0 /* Products */ = {
			isa = PBXGroup;
			children = (
				B8F05D0427D77A0100A6F5D0 /* CryptoExchangeApp.app */,
				B8F05D3727D785BD00A6F5D0 /* CryptoExchangeAppTests.xctest */,
			);
			name = Products;
			sourceTree = "<group>";
		};
		B8F05D0627D77A0100A6F5D0 /* CryptoExchangeApp */ = {
			isa = PBXGroup;
			children = (
				B8F05D1B27D77A1900A6F5D0 /* App */,
				B8F05D2A27D77F0A00A6F5D0 /* Models */,
				B8F05D1C27D77AC500A6F5D0 /* Features */,
				B8F05D4027D7868A00A6F5D0 /* Services */,
				B8F05D2127D77C3600A6F5D0 /* Base */,
				B8F05D2027D77B1700A6F5D0 /* Assets */,
				B8F05D1527D77A0300A6F5D0 /* Info.plist */,
			);
			path = CryptoExchangeApp;
			sourceTree = "<group>";
		};
		B8F05D1B27D77A1900A6F5D0 /* App */ = {
			isa = PBXGroup;
			children = (
				B8F05D0727D77A0100A6F5D0 /* AppDelegate.swift */,
				B8F05D0927D77A0100A6F5D0 /* SceneDelegate.swift */,
				B8F05D2827D77D0E00A6F5D0 /* AppCoordinator.swift */,
			);
			path = App;
			sourceTree = "<group>";
		};
		B8F05D1C27D77AC500A6F5D0 /* Features */ = {
			isa = PBXGroup;
			children = (
				B826BD0F27E1FCB900D653B8 /* CurrencyList */,
				B8F05D1D27D77AD100A6F5D0 /* Home */,
				B826BD0827E1E3B100D653B8 /* CurrencyDetails */,
			);
			path = Features;
			sourceTree = "<group>";
		};
		B8F05D1D27D77AD100A6F5D0 /* Home */ = {
			isa = PBXGroup;
			children = (
				B8F05D4427D78C6F00A6F5D0 /* Views */,
				B8F05D1E27D77AE300A6F5D0 /* HomeViewController.swift */,
			);
			path = Home;
			sourceTree = "<group>";
		};
		B8F05D2027D77B1700A6F5D0 /* Assets */ = {
			isa = PBXGroup;
			children = (
				B8F05D1227D77A0300A6F5D0 /* LaunchScreen.storyboard */,
				B8F05D1027D77A0300A6F5D0 /* Assets.xcassets */,
			);
			path = Assets;
			sourceTree = "<group>";
		};
		B8F05D2127D77C3600A6F5D0 /* Base */ = {
			isa = PBXGroup;
			children = (
				B8F05D2F27D782A100A6F5D0 /* Components */,
				B8F05D6E27DB5BD700A6F5D0 /* Endpoints */,
				B8F05D6727DB59F100A6F5D0 /* Errors */,
				B8F05D3227D782DC00A6F5D0 /* Extensions */,
				B8F05D2227D77C3D00A6F5D0 /* Protocols */,
				B826BCE227DF398800D653B8 /* States */,
			);
			path = Base;
			sourceTree = "<group>";
		};
		B8F05D2227D77C3D00A6F5D0 /* Protocols */ = {
			isa = PBXGroup;
			children = (
				B8F05D2627D77C6600A6F5D0 /* Coordinator.swift */,
				B8F05D6327DB588500A6F5D0 /* Endpoint.swift */,
			);
			path = Protocols;
			sourceTree = "<group>";
		};
		B8F05D2A27D77F0A00A6F5D0 /* Models */ = {
			isa = PBXGroup;
			children = (
				B8F05D2B27D77FDC00A6F5D0 /* Currency.swift */,
				B826BCEC27DF926F00D653B8 /* CurrencyDetail.swift */,
				B826BCF227DF979000D653B8 /* CurrencyCurrentPrice.swift */,
				B826BCF027DF976F00D653B8 /* CurrencyMarketData.swift */,
				B8F05D2D27D781EF00A6F5D0 /* Price.swift */,
			);
			path = Models;
			sourceTree = "<group>";
		};
		B8F05D2F27D782A100A6F5D0 /* Components */ = {
			isa = PBXGroup;
			children = (
				B8F05D3027D782B700A6F5D0 /* ChartView.swift */,
				B826BCDC27DF30F600D653B8 /* ErrorView.swift */,
				B8F05D5027D7C04D00A6F5D0 /* LoadingView.swift */,
				B826BCE827DF8EC700D653B8 /* TitleLabel.swift */,
				B826BD1D27E1FE1D00D653B8 /* CurrencyInfoView.swift */,
			);
			path = Components;
			sourceTree = "<group>";
		};
		B8F05D3227D782DC00A6F5D0 /* Extensions */ = {
			isa = PBXGroup;
			children = (
				B8F05D4927D7B55700A6F5D0 /* UITextField+Extension.swift */,
				B8F05D5527D8A03C00A6F5D0 /* UIImageView+Extension.swift */,
				B8F05D5D27DA1CF500A6F5D0 /* Formatter+Extension.swift */,
				B8F05D5F27DA1D1900A6F5D0 /* Numeric+Extension.swift */,
				B826BCE027DF31C600D653B8 /* UIColor+Extension.swift */,
				B826BCFA27E0B91F00D653B8 /* String+Extension.swift */,
			);
			path = Extensions;
			sourceTree = "<group>";
		};
		B8F05D4027D7868A00A6F5D0 /* Services */ = {
			isa = PBXGroup;
			children = (
				B8F05D7327DB939800A6F5D0 /* Cache */,
				B8F05D4127D7869200A6F5D0 /* Networking */,
			);
			path = Services;
			sourceTree = "<group>";
		};
		B8F05D4127D7869200A6F5D0 /* Networking */ = {
			isa = PBXGroup;
			children = (
				B8F05D6527DB596100A6F5D0 /* APIRequest.swift */,
				B8F05D6A27DB5A8800A6F5D0 /* NetworkEngine.swift */,
				B8F05D6C27DB5B7A00A6F5D0 /* ParseDataEngine.swift */,
			);
			path = Networking;
			sourceTree = "<group>";
		};
		B8F05D4427D78C6F00A6F5D0 /* Views */ = {
			isa = PBXGroup;
			children = (
				B8F05D4527D78C9000A6F5D0 /* SearchBarView.swift */,
				B8F05D7127DB842E00A6F5D0 /* FiltersMenu.swift */,
			);
			path = Views;
			sourceTree = "<group>";
		};
		B8F05D6727DB59F100A6F5D0 /* Errors */ = {
			isa = PBXGroup;
			children = (
				B8F05D6827DB5A0300A6F5D0 /* NetworkingErrors.swift */,
			);
			path = Errors;
			sourceTree = "<group>";
		};
		B8F05D6E27DB5BD700A6F5D0 /* Endpoints */ = {
			isa = PBXGroup;
			children = (
				B8F05D6F27DB5C0400A6F5D0 /* CurrencyEndpoint.swift */,
			);
			path = Endpoints;
			sourceTree = "<group>";
		};
		B8F05D7327DB939800A6F5D0 /* Cache */ = {
			isa = PBXGroup;
			children = (
				B8F05D7427DB93A600A6F5D0 /* ImageCache.swift */,
			);
			path = Cache;
			sourceTree = "<group>";
		};
/* End PBXGroup section */

/* Begin PBXNativeTarget section */
		B8F05D0327D77A0100A6F5D0 /* CryptoExchangeApp */ = {
			isa = PBXNativeTarget;
			buildConfigurationList = B8F05D1827D77A0300A6F5D0 /* Build configuration list for PBXNativeTarget "CryptoExchangeApp" */;
			buildPhases = (
				C7B30CFDAFB947804F3C9038 /* [CP] Check Pods Manifest.lock */,
				B8F05D0027D77A0100A6F5D0 /* Sources */,
				B8F05D0127D77A0100A6F5D0 /* Frameworks */,
				B8F05D0227D77A0100A6F5D0 /* Resources */,
				8310891677B912AF589976F8 /* [CP] Embed Pods Frameworks */,
			);
			buildRules = (
			);
			dependencies = (
			);
			name = CryptoExchangeApp;
			productName = CryptoExchangeApp;
			productReference = B8F05D0427D77A0100A6F5D0 /* CryptoExchangeApp.app */;
			productType = "com.apple.product-type.application";
		};
		B8F05D3627D785BD00A6F5D0 /* CryptoExchangeAppTests */ = {
			isa = PBXNativeTarget;
			buildConfigurationList = B8F05D3D27D785BD00A6F5D0 /* Build configuration list for PBXNativeTarget "CryptoExchangeAppTests" */;
			buildPhases = (
				477FAC6BC600625A8876C9EF /* [CP] Check Pods Manifest.lock */,
				B8F05D3327D785BD00A6F5D0 /* Sources */,
				B8F05D3427D785BD00A6F5D0 /* Frameworks */,
				B8F05D3527D785BD00A6F5D0 /* Resources */,
			);
			buildRules = (
			);
			dependencies = (
				B8F05D3C27D785BD00A6F5D0 /* PBXTargetDependency */,
			);
			name = CryptoExchangeAppTests;
			productName = CryptoExchangeAppTests;
			productReference = B8F05D3727D785BD00A6F5D0 /* CryptoExchangeAppTests.xctest */;
			productType = "com.apple.product-type.bundle.unit-test";
		};
/* End PBXNativeTarget section */

/* Begin PBXProject section */
		B8F05CFC27D77A0100A6F5D0 /* Project object */ = {
			isa = PBXProject;
			attributes = {
				BuildIndependentTargetsInParallel = 1;
				LastSwiftUpdateCheck = 1310;
				LastUpgradeCheck = 1310;
				TargetAttributes = {
					B8F05D0327D77A0100A6F5D0 = {
						CreatedOnToolsVersion = 13.1;
					};
					B8F05D3627D785BD00A6F5D0 = {
						CreatedOnToolsVersion = 13.1;
						TestTargetID = B8F05D0327D77A0100A6F5D0;
					};
				};
			};
			buildConfigurationList = B8F05CFF27D77A0100A6F5D0 /* Build configuration list for PBXProject "CryptoExchangeApp" */;
			compatibilityVersion = "Xcode 13.0";
			developmentRegion = en;
			hasScannedForEncodings = 0;
			knownRegions = (
				en,
				Base,
			);
			mainGroup = B8F05CFB27D77A0100A6F5D0;
			productRefGroup = B8F05D0527D77A0100A6F5D0 /* Products */;
			projectDirPath = "";
			projectRoot = "";
			targets = (
				B8F05D0327D77A0100A6F5D0 /* CryptoExchangeApp */,
				B8F05D3627D785BD00A6F5D0 /* CryptoExchangeAppTests */,
			);
		};
/* End PBXProject section */

/* Begin PBXResourcesBuildPhase section */
		B8F05D0227D77A0100A6F5D0 /* Resources */ = {
			isa = PBXResourcesBuildPhase;
			buildActionMask = 2147483647;
			files = (
				B8F05D1427D77A0300A6F5D0 /* LaunchScreen.storyboard in Resources */,
				B8F05D1127D77A0300A6F5D0 /* Assets.xcassets in Resources */,
			);
			runOnlyForDeploymentPostprocessing = 0;
		};
		B8F05D3527D785BD00A6F5D0 /* Resources */ = {
			isa = PBXResourcesBuildPhase;
			buildActionMask = 2147483647;
			files = (
			);
			runOnlyForDeploymentPostprocessing = 0;
		};
/* End PBXResourcesBuildPhase section */

/* Begin PBXShellScriptBuildPhase section */
		477FAC6BC600625A8876C9EF /* [CP] Check Pods Manifest.lock */ = {
			isa = PBXShellScriptBuildPhase;
			buildActionMask = 2147483647;
			files = (
			);
			inputFileListPaths = (
			);
			inputPaths = (
				"${PODS_PODFILE_DIR_PATH}/Podfile.lock",
				"${PODS_ROOT}/Manifest.lock",
			);
			name = "[CP] Check Pods Manifest.lock";
			outputFileListPaths = (
			);
			outputPaths = (
				"$(DERIVED_FILE_DIR)/Pods-CryptoExchangeAppTests-checkManifestLockResult.txt",
			);
			runOnlyForDeploymentPostprocessing = 0;
			shellPath = /bin/sh;
			shellScript = "diff \"${PODS_PODFILE_DIR_PATH}/Podfile.lock\" \"${PODS_ROOT}/Manifest.lock\" > /dev/null\nif [ $? != 0 ] ; then\n    # print error to STDERR\n    echo \"error: The sandbox is not in sync with the Podfile.lock. Run 'pod install' or update your CocoaPods installation.\" >&2\n    exit 1\nfi\n# This output is used by Xcode 'outputs' to avoid re-running this script phase.\necho \"SUCCESS\" > \"${SCRIPT_OUTPUT_FILE_0}\"\n";
			showEnvVarsInLog = 0;
		};
		8310891677B912AF589976F8 /* [CP] Embed Pods Frameworks */ = {
			isa = PBXShellScriptBuildPhase;
			buildActionMask = 2147483647;
			files = (
			);
			inputFileListPaths = (
				"${PODS_ROOT}/Target Support Files/Pods-CryptoExchangeApp/Pods-CryptoExchangeApp-frameworks-${CONFIGURATION}-input-files.xcfilelist",
			);
			name = "[CP] Embed Pods Frameworks";
			outputFileListPaths = (
				"${PODS_ROOT}/Target Support Files/Pods-CryptoExchangeApp/Pods-CryptoExchangeApp-frameworks-${CONFIGURATION}-output-files.xcfilelist",
			);
			runOnlyForDeploymentPostprocessing = 0;
			shellPath = /bin/sh;
			shellScript = "\"${PODS_ROOT}/Target Support Files/Pods-CryptoExchangeApp/Pods-CryptoExchangeApp-frameworks.sh\"\n";
			showEnvVarsInLog = 0;
		};
		C7B30CFDAFB947804F3C9038 /* [CP] Check Pods Manifest.lock */ = {
			isa = PBXShellScriptBuildPhase;
			buildActionMask = 2147483647;
			files = (
			);
			inputFileListPaths = (
			);
			inputPaths = (
				"${PODS_PODFILE_DIR_PATH}/Podfile.lock",
				"${PODS_ROOT}/Manifest.lock",
			);
			name = "[CP] Check Pods Manifest.lock";
			outputFileListPaths = (
			);
			outputPaths = (
				"$(DERIVED_FILE_DIR)/Pods-CryptoExchangeApp-checkManifestLockResult.txt",
			);
			runOnlyForDeploymentPostprocessing = 0;
			shellPath = /bin/sh;
			shellScript = "diff \"${PODS_PODFILE_DIR_PATH}/Podfile.lock\" \"${PODS_ROOT}/Manifest.lock\" > /dev/null\nif [ $? != 0 ] ; then\n    # print error to STDERR\n    echo \"error: The sandbox is not in sync with the Podfile.lock. Run 'pod install' or update your CocoaPods installation.\" >&2\n    exit 1\nfi\n# This output is used by Xcode 'outputs' to avoid re-running this script phase.\necho \"SUCCESS\" > \"${SCRIPT_OUTPUT_FILE_0}\"\n";
			showEnvVarsInLog = 0;
		};
/* End PBXShellScriptBuildPhase section */

/* Begin PBXSourcesBuildPhase section */
		B8F05D0027D77A0100A6F5D0 /* Sources */ = {
			isa = PBXSourcesBuildPhase;
			buildActionMask = 2147483647;
			files = (
				B826BCED27DF926F00D653B8 /* CurrencyDetail.swift in Sources */,
				B8F05D6027DA1D1900A6F5D0 /* Numeric+Extension.swift in Sources */,
				B8F05D4A27D7B55700A6F5D0 /* UITextField+Extension.swift in Sources */,
				B8F05D4627D78C9000A6F5D0 /* SearchBarView.swift in Sources */,
				B826BCDB27DF30E700D653B8 /* DownloadingStates.swift in Sources */,
				B826BCFB27E0B91F00D653B8 /* String+Extension.swift in Sources */,
				B826BCDD27DF30F700D653B8 /* ErrorView.swift in Sources */,
				B826BD1E27E1FE1D00D653B8 /* CurrencyInfoView.swift in Sources */,
				B826BCE127DF31C600D653B8 /* UIColor+Extension.swift in Sources */,
				B8F05D2C27D77FDC00A6F5D0 /* Currency.swift in Sources */,
				B826BD1627E1FD2700D653B8 /* CoinNameView.swift in Sources */,
				B8F05D5127D7C04D00A6F5D0 /* LoadingView.swift in Sources */,
				B826BCF327DF979000D653B8 /* CurrencyCurrentPrice.swift in Sources */,
				B8F05D2E27D781EF00A6F5D0 /* Price.swift in Sources */,
				B8F05D6627DB596100A6F5D0 /* APIRequest.swift in Sources */,
				B8F05D6B27DB5A8800A6F5D0 /* NetworkEngine.swift in Sources */,
				B8F05D2727D77C6600A6F5D0 /* Coordinator.swift in Sources */,
				B826BD0A27E1E7B900D653B8 /* CurrencyDetailsViewModel.swift in Sources */,
				B826BD1827E1FD4800D653B8 /* CurrencyCell.swift in Sources */,
				B826BD1C27E1FD7500D653B8 /* CurrenciesListViewController.swift in Sources */,
				B8F05D7227DB842E00A6F5D0 /* FiltersMenu.swift in Sources */,
				B8F05D5627D8A03C00A6F5D0 /* UIImageView+Extension.swift in Sources */,
				B8F05D6927DB5A0300A6F5D0 /* NetworkingErrors.swift in Sources */,
				B826BD1427E1FD1100D653B8 /* CoinInfoView.swift in Sources */,
				B826BD0027E101D900D653B8 /* DetailsView.swift in Sources */,
				B8F05D0827D77A0100A6F5D0 /* AppDelegate.swift in Sources */,
				B8F05D2927D77D0E00A6F5D0 /* AppCoordinator.swift in Sources */,
				B8F05D0A27D77A0100A6F5D0 /* SceneDelegate.swift in Sources */,
				B826BD1A27E1FD5F00D653B8 /* CurrenciesListViewModel.swift in Sources */,
				B8F05D5E27DA1CF500A6F5D0 /* Formatter+Extension.swift in Sources */,
				B8F05D1F27D77AE300A6F5D0 /* HomeViewController.swift in Sources */,
				B826BCF127DF976F00D653B8 /* CurrencyMarketData.swift in Sources */,
				B8F05D7027DB5C0400A6F5D0 /* CurrencyEndpoint.swift in Sources */,
				B826BCE427DF39D100D653B8 /* FiltersStates.swift in Sources */,
				B826BD0727E1E39B00D653B8 /* CurrencyDetailsViewController.swift in Sources */,
				B826BD1227E1FCFC00D653B8 /* CoinIconView.swift in Sources */,
				B8F05D6427DB588500A6F5D0 /* Endpoint.swift in Sources */,
				B8F05D3127D782B700A6F5D0 /* ChartView.swift in Sources */,
				B8F05D6D27DB5B7A00A6F5D0 /* ParseDataEngine.swift in Sources */,
				B8F05D7527DB93A600A6F5D0 /* ImageCache.swift in Sources */,
				B826BCE927DF8EC700D653B8 /* TitleLabel.swift in Sources */,
			);
			runOnlyForDeploymentPostprocessing = 0;
		};
		B8F05D3327D785BD00A6F5D0 /* Sources */ = {
			isa = PBXSourcesBuildPhase;
			buildActionMask = 2147483647;
			files = (
			);
			runOnlyForDeploymentPostprocessing = 0;
		};
/* End PBXSourcesBuildPhase section */

/* Begin PBXTargetDependency section */
		B8F05D3C27D785BD00A6F5D0 /* PBXTargetDependency */ = {
			isa = PBXTargetDependency;
			target = B8F05D0327D77A0100A6F5D0 /* CryptoExchangeApp */;
			targetProxy = B8F05D3B27D785BD00A6F5D0 /* PBXContainerItemProxy */;
		};
/* End PBXTargetDependency section */

/* Begin PBXVariantGroup section */
		B8F05D1227D77A0300A6F5D0 /* LaunchScreen.storyboard */ = {
			isa = PBXVariantGroup;
			children = (
				B8F05D1327D77A0300A6F5D0 /* Base */,
			);
			name = LaunchScreen.storyboard;
			sourceTree = "<group>";
		};
/* End PBXVariantGroup section */

/* Begin XCBuildConfiguration section */
		B8F05D1627D77A0300A6F5D0 /* Debug */ = {
			isa = XCBuildConfiguration;
			buildSettings = {
				ALWAYS_SEARCH_USER_PATHS = NO;
				CLANG_ANALYZER_NONNULL = YES;
				CLANG_ANALYZER_NUMBER_OBJECT_CONVERSION = YES_AGGRESSIVE;
				CLANG_CXX_LANGUAGE_STANDARD = "gnu++17";
				CLANG_CXX_LIBRARY = "libc++";
				CLANG_ENABLE_MODULES = YES;
				CLANG_ENABLE_OBJC_ARC = YES;
				CLANG_ENABLE_OBJC_WEAK = YES;
				CLANG_WARN_BLOCK_CAPTURE_AUTORELEASING = YES;
				CLANG_WARN_BOOL_CONVERSION = YES;
				CLANG_WARN_COMMA = YES;
				CLANG_WARN_CONSTANT_CONVERSION = YES;
				CLANG_WARN_DEPRECATED_OBJC_IMPLEMENTATIONS = YES;
				CLANG_WARN_DIRECT_OBJC_ISA_USAGE = YES_ERROR;
				CLANG_WARN_DOCUMENTATION_COMMENTS = YES;
				CLANG_WARN_EMPTY_BODY = YES;
				CLANG_WARN_ENUM_CONVERSION = YES;
				CLANG_WARN_INFINITE_RECURSION = YES;
				CLANG_WARN_INT_CONVERSION = YES;
				CLANG_WARN_NON_LITERAL_NULL_CONVERSION = YES;
				CLANG_WARN_OBJC_IMPLICIT_RETAIN_SELF = YES;
				CLANG_WARN_OBJC_LITERAL_CONVERSION = YES;
				CLANG_WARN_OBJC_ROOT_CLASS = YES_ERROR;
				CLANG_WARN_QUOTED_INCLUDE_IN_FRAMEWORK_HEADER = YES;
				CLANG_WARN_RANGE_LOOP_ANALYSIS = YES;
				CLANG_WARN_STRICT_PROTOTYPES = YES;
				CLANG_WARN_SUSPICIOUS_MOVE = YES;
				CLANG_WARN_UNGUARDED_AVAILABILITY = YES_AGGRESSIVE;
				CLANG_WARN_UNREACHABLE_CODE = YES;
				CLANG_WARN__DUPLICATE_METHOD_MATCH = YES;
				COPY_PHASE_STRIP = NO;
				DEBUG_INFORMATION_FORMAT = dwarf;
				ENABLE_STRICT_OBJC_MSGSEND = YES;
				ENABLE_TESTABILITY = YES;
				GCC_C_LANGUAGE_STANDARD = gnu11;
				GCC_DYNAMIC_NO_PIC = NO;
				GCC_NO_COMMON_BLOCKS = YES;
				GCC_OPTIMIZATION_LEVEL = 0;
				GCC_PREPROCESSOR_DEFINITIONS = (
					"DEBUG=1",
					"$(inherited)",
				);
				GCC_WARN_64_TO_32_BIT_CONVERSION = YES;
				GCC_WARN_ABOUT_RETURN_TYPE = YES_ERROR;
				GCC_WARN_UNDECLARED_SELECTOR = YES;
				GCC_WARN_UNINITIALIZED_AUTOS = YES_AGGRESSIVE;
				GCC_WARN_UNUSED_FUNCTION = YES;
				GCC_WARN_UNUSED_VARIABLE = YES;
				IPHONEOS_DEPLOYMENT_TARGET = 15.0;
				MTL_ENABLE_DEBUG_INFO = INCLUDE_SOURCE;
				MTL_FAST_MATH = YES;
				ONLY_ACTIVE_ARCH = YES;
				SDKROOT = iphoneos;
				SWIFT_ACTIVE_COMPILATION_CONDITIONS = DEBUG;
				SWIFT_OPTIMIZATION_LEVEL = "-Onone";
			};
			name = Debug;
		};
		B8F05D1727D77A0300A6F5D0 /* Release */ = {
			isa = XCBuildConfiguration;
			buildSettings = {
				ALWAYS_SEARCH_USER_PATHS = NO;
				CLANG_ANALYZER_NONNULL = YES;
				CLANG_ANALYZER_NUMBER_OBJECT_CONVERSION = YES_AGGRESSIVE;
				CLANG_CXX_LANGUAGE_STANDARD = "gnu++17";
				CLANG_CXX_LIBRARY = "libc++";
				CLANG_ENABLE_MODULES = YES;
				CLANG_ENABLE_OBJC_ARC = YES;
				CLANG_ENABLE_OBJC_WEAK = YES;
				CLANG_WARN_BLOCK_CAPTURE_AUTORELEASING = YES;
				CLANG_WARN_BOOL_CONVERSION = YES;
				CLANG_WARN_COMMA = YES;
				CLANG_WARN_CONSTANT_CONVERSION = YES;
				CLANG_WARN_DEPRECATED_OBJC_IMPLEMENTATIONS = YES;
				CLANG_WARN_DIRECT_OBJC_ISA_USAGE = YES_ERROR;
				CLANG_WARN_DOCUMENTATION_COMMENTS = YES;
				CLANG_WARN_EMPTY_BODY = YES;
				CLANG_WARN_ENUM_CONVERSION = YES;
				CLANG_WARN_INFINITE_RECURSION = YES;
				CLANG_WARN_INT_CONVERSION = YES;
				CLANG_WARN_NON_LITERAL_NULL_CONVERSION = YES;
				CLANG_WARN_OBJC_IMPLICIT_RETAIN_SELF = YES;
				CLANG_WARN_OBJC_LITERAL_CONVERSION = YES;
				CLANG_WARN_OBJC_ROOT_CLASS = YES_ERROR;
				CLANG_WARN_QUOTED_INCLUDE_IN_FRAMEWORK_HEADER = YES;
				CLANG_WARN_RANGE_LOOP_ANALYSIS = YES;
				CLANG_WARN_STRICT_PROTOTYPES = YES;
				CLANG_WARN_SUSPICIOUS_MOVE = YES;
				CLANG_WARN_UNGUARDED_AVAILABILITY = YES_AGGRESSIVE;
				CLANG_WARN_UNREACHABLE_CODE = YES;
				CLANG_WARN__DUPLICATE_METHOD_MATCH = YES;
				COPY_PHASE_STRIP = NO;
				DEBUG_INFORMATION_FORMAT = "dwarf-with-dsym";
				ENABLE_NS_ASSERTIONS = NO;
				ENABLE_STRICT_OBJC_MSGSEND = YES;
				GCC_C_LANGUAGE_STANDARD = gnu11;
				GCC_NO_COMMON_BLOCKS = YES;
				GCC_WARN_64_TO_32_BIT_CONVERSION = YES;
				GCC_WARN_ABOUT_RETURN_TYPE = YES_ERROR;
				GCC_WARN_UNDECLARED_SELECTOR = YES;
				GCC_WARN_UNINITIALIZED_AUTOS = YES_AGGRESSIVE;
				GCC_WARN_UNUSED_FUNCTION = YES;
				GCC_WARN_UNUSED_VARIABLE = YES;
				IPHONEOS_DEPLOYMENT_TARGET = 15.0;
				MTL_ENABLE_DEBUG_INFO = NO;
				MTL_FAST_MATH = YES;
				SDKROOT = iphoneos;
				SWIFT_COMPILATION_MODE = wholemodule;
				SWIFT_OPTIMIZATION_LEVEL = "-O";
				VALIDATE_PRODUCT = YES;
			};
			name = Release;
		};
		B8F05D1927D77A0300A6F5D0 /* Debug */ = {
			isa = XCBuildConfiguration;
			baseConfigurationReference = 6AF40347185E6F9F15393363 /* Pods-CryptoExchangeApp.debug.xcconfig */;
			buildSettings = {
				ASSETCATALOG_COMPILER_APPICON_NAME = AppIcon;
				ASSETCATALOG_COMPILER_GLOBAL_ACCENT_COLOR_NAME = AccentColor;
				CODE_SIGN_STYLE = Automatic;
				CURRENT_PROJECT_VERSION = 1;
				DEVELOPMENT_TEAM = 838LNUC4N4;
				GENERATE_INFOPLIST_FILE = YES;
				INFOPLIST_FILE = CryptoExchangeApp/Info.plist;
				INFOPLIST_KEY_UIApplicationSupportsIndirectInputEvents = YES;
				INFOPLIST_KEY_UILaunchStoryboardName = LaunchScreen;
				INFOPLIST_KEY_UISupportedInterfaceOrientations = UIInterfaceOrientationPortrait;
				INFOPLIST_KEY_UISupportedInterfaceOrientations_iPad = "UIInterfaceOrientationPortrait UIInterfaceOrientationPortraitUpsideDown UIInterfaceOrientationLandscapeLeft UIInterfaceOrientationLandscapeRight";
				INFOPLIST_KEY_UISupportedInterfaceOrientations_iPhone = "UIInterfaceOrientationPortrait UIInterfaceOrientationLandscapeLeft UIInterfaceOrientationLandscapeRight";
				IPHONEOS_DEPLOYMENT_TARGET = 13.0;
				LD_RUNPATH_SEARCH_PATHS = (
					"$(inherited)",
					"@executable_path/Frameworks",
				);
				MARKETING_VERSION = 1.0;
				PRODUCT_BUNDLE_IDENTIFIER = pl.smaludzinski.CryptoExchangeApp;
				PRODUCT_NAME = "$(TARGET_NAME)";
				SWIFT_EMIT_LOC_STRINGS = YES;
				SWIFT_VERSION = 5.0;
				TARGETED_DEVICE_FAMILY = 1;
			};
			name = Debug;
		};
		B8F05D1A27D77A0300A6F5D0 /* Release */ = {
			isa = XCBuildConfiguration;
			baseConfigurationReference = 3C24E1E26CCCBA9ACEAD152B /* Pods-CryptoExchangeApp.release.xcconfig */;
			buildSettings = {
				ASSETCATALOG_COMPILER_APPICON_NAME = AppIcon;
				ASSETCATALOG_COMPILER_GLOBAL_ACCENT_COLOR_NAME = AccentColor;
				CODE_SIGN_STYLE = Automatic;
				CURRENT_PROJECT_VERSION = 1;
				DEVELOPMENT_TEAM = 838LNUC4N4;
				GENERATE_INFOPLIST_FILE = YES;
				INFOPLIST_FILE = CryptoExchangeApp/Info.plist;
				INFOPLIST_KEY_UIApplicationSupportsIndirectInputEvents = YES;
				INFOPLIST_KEY_UILaunchStoryboardName = LaunchScreen;
				INFOPLIST_KEY_UISupportedInterfaceOrientations = UIInterfaceOrientationPortrait;
				INFOPLIST_KEY_UISupportedInterfaceOrientations_iPad = "UIInterfaceOrientationPortrait UIInterfaceOrientationPortraitUpsideDown UIInterfaceOrientationLandscapeLeft UIInterfaceOrientationLandscapeRight";
				INFOPLIST_KEY_UISupportedInterfaceOrientations_iPhone = "UIInterfaceOrientationPortrait UIInterfaceOrientationLandscapeLeft UIInterfaceOrientationLandscapeRight";
				IPHONEOS_DEPLOYMENT_TARGET = 13.0;
				LD_RUNPATH_SEARCH_PATHS = (
					"$(inherited)",
					"@executable_path/Frameworks",
				);
				MARKETING_VERSION = 1.0;
				PRODUCT_BUNDLE_IDENTIFIER = pl.smaludzinski.CryptoExchangeApp;
				PRODUCT_NAME = "$(TARGET_NAME)";
				SWIFT_EMIT_LOC_STRINGS = YES;
				SWIFT_VERSION = 5.0;
				TARGETED_DEVICE_FAMILY = 1;
			};
			name = Release;
		};
		B8F05D3E27D785BD00A6F5D0 /* Debug */ = {
			isa = XCBuildConfiguration;
			baseConfigurationReference = A443E3F122363D0A2EA0C251 /* Pods-CryptoExchangeAppTests.debug.xcconfig */;
			buildSettings = {
				BUNDLE_LOADER = "$(TEST_HOST)";
				CODE_SIGN_STYLE = Automatic;
				CURRENT_PROJECT_VERSION = 1;
				DEVELOPMENT_TEAM = 838LNUC4N4;
				GENERATE_INFOPLIST_FILE = YES;
				LD_RUNPATH_SEARCH_PATHS = (
					"$(inherited)",
					"@executable_path/Frameworks",
					"@loader_path/Frameworks",
				);
				MARKETING_VERSION = 1.0;
				PRODUCT_BUNDLE_IDENTIFIER = pl.smaludzinski.CryptoExchangeAppTests;
				PRODUCT_NAME = "$(TARGET_NAME)";
				SWIFT_EMIT_LOC_STRINGS = NO;
				SWIFT_VERSION = 5.0;
				TARGETED_DEVICE_FAMILY = "1,2";
				TEST_HOST = "$(BUILT_PRODUCTS_DIR)/CryptoExchangeApp.app/CryptoExchangeApp";
			};
			name = Debug;
		};
		B8F05D3F27D785BD00A6F5D0 /* Release */ = {
			isa = XCBuildConfiguration;
			baseConfigurationReference = 6308B89884E1C6B66F96E7BB /* Pods-CryptoExchangeAppTests.release.xcconfig */;
			buildSettings = {
				BUNDLE_LOADER = "$(TEST_HOST)";
				CODE_SIGN_STYLE = Automatic;
				CURRENT_PROJECT_VERSION = 1;
				DEVELOPMENT_TEAM = 838LNUC4N4;
				GENERATE_INFOPLIST_FILE = YES;
				LD_RUNPATH_SEARCH_PATHS = (
					"$(inherited)",
					"@executable_path/Frameworks",
					"@loader_path/Frameworks",
				);
				MARKETING_VERSION = 1.0;
				PRODUCT_BUNDLE_IDENTIFIER = pl.smaludzinski.CryptoExchangeAppTests;
				PRODUCT_NAME = "$(TARGET_NAME)";
				SWIFT_EMIT_LOC_STRINGS = NO;
				SWIFT_VERSION = 5.0;
				TARGETED_DEVICE_FAMILY = "1,2";
				TEST_HOST = "$(BUILT_PRODUCTS_DIR)/CryptoExchangeApp.app/CryptoExchangeApp";
			};
			name = Release;
		};
/* End XCBuildConfiguration section */

/* Begin XCConfigurationList section */
		B8F05CFF27D77A0100A6F5D0 /* Build configuration list for PBXProject "CryptoExchangeApp" */ = {
			isa = XCConfigurationList;
			buildConfigurations = (
				B8F05D1627D77A0300A6F5D0 /* Debug */,
				B8F05D1727D77A0300A6F5D0 /* Release */,
			);
			defaultConfigurationIsVisible = 0;
			defaultConfigurationName = Release;
		};
		B8F05D1827D77A0300A6F5D0 /* Build configuration list for PBXNativeTarget "CryptoExchangeApp" */ = {
			isa = XCConfigurationList;
			buildConfigurations = (
				B8F05D1927D77A0300A6F5D0 /* Debug */,
				B8F05D1A27D77A0300A6F5D0 /* Release */,
			);
			defaultConfigurationIsVisible = 0;
			defaultConfigurationName = Release;
		};
		B8F05D3D27D785BD00A6F5D0 /* Build configuration list for PBXNativeTarget "CryptoExchangeAppTests" */ = {
			isa = XCConfigurationList;
			buildConfigurations = (
				B8F05D3E27D785BD00A6F5D0 /* Debug */,
				B8F05D3F27D785BD00A6F5D0 /* Release */,
			);
			defaultConfigurationIsVisible = 0;
			defaultConfigurationName = Release;
		};
/* End XCConfigurationList section */
	};
	rootObject = B8F05CFC27D77A0100A6F5D0 /* Project object */;
}
